
Microsoft Visual Studio Solution File, Format Version 12.00
# Visual Studio Version 17
VisualStudioVersion = 17.12.35527.113
MinimumVisualStudioVersion = 10.0.40219.1
Project("{FAE04EC0-301F-11D3-BF4B-00C04F79EFBC}") = "QuizApp.Database", "QuizApp.Database\QuizApp.Database.csproj", "{8D4C21A7-5CE2-465A-B840-ABABCB7A03BA}"
EndProject
Project("{FAE04EC0-301F-11D3-BF4B-00C04F79EFBC}") = "QuizApp.Test", "QuizApp.Test\QuizApp.Test.csproj", "{BD46F068-CD0A-40D8-9831-9F51989B52AA}"
EndProject
Project("{FAE04EC0-301F-11D3-BF4B-00C04F79EFBC}") = "QuizApp", "QuizApp\QuizApp.csproj", "{A0D1508D-F968-45C8-B489-E5217E239DFE}"
EndProject
Project("{FAE04EC0-301F-11D3-BF4B-00C04F79EFBC}") = "QuizApp.Client", "QuizApp.Client\QuizApp.Client.csproj", "{75332129-1243-4EF1-A161-2E5CC20E186B}"
EndProject
Project("{FAE04EC0-301F-11D3-BF4B-00C04F79EFBC}") = "QuizApp.Common", "QuizApp.Common\QuizApp.Common.csproj", "{FB41FA59-60B8-4B71-9768-47908B1C9414}"
EndProject
Global
	GlobalSection(SolutionConfigurationPlatforms) = preSolution
		Debug|Any CPU = Debug|Any CPU
		Release|Any CPU = Release|Any CPU
	EndGlobalSection
	GlobalSection(ProjectConfigurationPlatforms) = postSolution
		{8D4C21A7-5CE2-465A-B840-ABABCB7A03BA}.Debug|Any CPU.ActiveCfg = Debug|Any CPU
		{8D4C21A7-5CE2-465A-B840-ABABCB7A03BA}.Debug|Any CPU.Build.0 = Debug|Any CPU
		{8D4C21A7-5CE2-465A-B840-ABABCB7A03BA}.Release|Any CPU.ActiveCfg = Release|Any CPU
		{8D4C21A7-5CE2-465A-B840-ABABCB7A03BA}.Release|Any CPU.Build.0 = Release|Any CPU
		{BD46F068-CD0A-40D8-9831-9F51989B52AA}.Debug|Any CPU.ActiveCfg = Debug|Any CPU
		{BD46F068-CD0A-40D8-9831-9F51989B52AA}.Debug|Any CPU.Build.0 = Debug|Any CPU
		{BD46F068-CD0A-40D8-9831-9F51989B52AA}.Release|Any CPU.ActiveCfg = Release|Any CPU
		{BD46F068-CD0A-40D8-9831-9F51989B52AA}.Release|Any CPU.Build.0 = Release|Any CPU
		{A0D1508D-F968-45C8-B489-E5217E239DFE}.Debug|Any CPU.ActiveCfg = Debug|Any CPU
		{A0D1508D-F968-45C8-B489-E5217E239DFE}.Debug|Any CPU.Build.0 = Debug|Any CPU
		{A0D1508D-F968-45C8-B489-E5217E239DFE}.Release|Any CPU.ActiveCfg = Release|Any CPU
		{A0D1508D-F968-45C8-B489-E5217E239DFE}.Release|Any CPU.Build.0 = Release|Any CPU
		{75332129-1243-4EF1-A161-2E5CC20E186B}.Debug|Any CPU.ActiveCfg = Debug|Any CPU
		{75332129-1243-4EF1-A161-2E5CC20E186B}.Debug|Any CPU.Build.0 = Debug|Any CPU
		{75332129-1243-4EF1-A161-2E5CC20E186B}.Release|Any CPU.ActiveCfg = Release|Any CPU
		{75332129-1243-4EF1-A161-2E5CC20E186B}.Release|Any CPU.Build.0 = Release|Any CPU
		{FB41FA59-60B8-4B71-9768-47908B1C9414}.Debug|Any CPU.ActiveCfg = Debug|Any CPU
		{FB41FA59-60B8-4B71-9768-47908B1C9414}.Debug|Any CPU.Build.0 = Debug|Any CPU
		{FB41FA59-60B8-4B71-9768-47908B1C9414}.Release|Any CPU.ActiveCfg = Release|Any CPU
		{FB41FA59-60B8-4B71-9768-47908B1C9414}.Release|Any CPU.Build.0 = Release|Any CPU
	EndGlobalSection
	GlobalSection(SolutionProperties) = preSolution
		HideSolutionNode = FALSE
	EndGlobalSection
EndGlobal
